// !$*UTF8*$!
{
	archiveVersion = 1;
	classes = {
	};
	objectVersion = 51;
	objects = {

/* Begin PBXBuildFile section */
		0C12F47623E577E100187A31 /* NavigationController.swift in Sources */ = {isa = PBXBuildFile; fileRef = 0C12F47523E577E100187A31 /* NavigationController.swift */; };
		0C193E7F23E42FD500F59408 /* BMEULJIRO.otf in Resources */ = {isa = PBXBuildFile; fileRef = 0C193E7E23E42FD500F59408 /* BMEULJIRO.otf */; };
		0C193E8123E4361700F59408 /* BinggraeⅡ.otf in Resources */ = {isa = PBXBuildFile; fileRef = 0C193E8023E4361700F59408 /* BinggraeⅡ.otf */; };
		0C193E8323E436A800F59408 /* NanumGothicLight.otf in Resources */ = {isa = PBXBuildFile; fileRef = 0C193E8223E436A800F59408 /* NanumGothicLight.otf */; };
		0C193E8723E436B900F59408 /* NanumGothic.otf in Resources */ = {isa = PBXBuildFile; fileRef = 0C193E8623E436B900F59408 /* NanumGothic.otf */; };
		0C193E8923E447B300F59408 /* NanumGothicBold.otf in Resources */ = {isa = PBXBuildFile; fileRef = 0C193E8823E447B300F59408 /* NanumGothicBold.otf */; };
		0C9C936A23CDD3D800F07D3C /* WebKit.framework in Frameworks */ = {isa = PBXBuildFile; fileRef = 0C9C936923CDD3D800F07D3C /* WebKit.framework */; };
		0C9DC4B723D05E160023392E /* LikeTableViewCell.swift in Sources */ = {isa = PBXBuildFile; fileRef = 0C9DC4B623D05E160023392E /* LikeTableViewCell.swift */; };
		0C9E844A23E137B0009CE23B /* SaveSizeViewController.swift in Sources */ = {isa = PBXBuildFile; fileRef = 0C9E844923E137B0009CE23B /* SaveSizeViewController.swift */; };
		0C9E844C23E13962009CE23B /* SaveSizeTableViewCell.swift in Sources */ = {isa = PBXBuildFile; fileRef = 0C9E844B23E13962009CE23B /* SaveSizeTableViewCell.swift */; };
		0C9E844E23E17E14009CE23B /* FirstEnterSizeViewController.swift in Sources */ = {isa = PBXBuildFile; fileRef = 0C9E844D23E17E14009CE23B /* FirstEnterSizeViewController.swift */; };
		0C9EFE0823DFFFF400440799 /* measureViewController.swift in Sources */ = {isa = PBXBuildFile; fileRef = 0C9EFE0723DFFFF400440799 /* measureViewController.swift */; };
		0C9EFE0B23E0004700440799 /* ARKit.framework in Frameworks */ = {isa = PBXBuildFile; fileRef = 0C9EFE0923E0004700440799 /* ARKit.framework */; };
		0C9EFE0C23E0004700440799 /* libswiftARKit.tbd in Frameworks */ = {isa = PBXBuildFile; fileRef = 0C9EFE0A23E0004700440799 /* libswiftARKit.tbd */; };
		0C9EFE0E23E0005800440799 /* SceneKit.framework in Frameworks */ = {isa = PBXBuildFile; fileRef = 0C9EFE0D23E0005800440799 /* SceneKit.framework */; };
		0C9EFE1023E0007100440799 /* Extensions.swift in Sources */ = {isa = PBXBuildFile; fileRef = 0C9EFE0F23E0007100440799 /* Extensions.swift */; };
		0CA2348223C710DD00E2D5E7 /* ClothInformationCell.swift in Sources */ = {isa = PBXBuildFile; fileRef = 0CA2348123C710DD00E2D5E7 /* ClothInformationCell.swift */; };
		0CA2461223E2E7AE00847ADE /* Closet.storyboard in Resources */ = {isa = PBXBuildFile; fileRef = 0CA2461023E2E7AE00847ADE /* Closet.storyboard */; };
		0CA2461423E2E7DD00847ADE /* EnterSize.storyboard in Resources */ = {isa = PBXBuildFile; fileRef = 0CA2461323E2E7DD00847ADE /* EnterSize.storyboard */; };
		0CA2461723E2E80C00847ADE /* LikeView.storyboard in Resources */ = {isa = PBXBuildFile; fileRef = 0CA2461523E2E80C00847ADE /* LikeView.storyboard */; };
		0CA2461A23E2E83F00847ADE /* ShoppingList.storyboard in Resources */ = {isa = PBXBuildFile; fileRef = 0CA2461823E2E83F00847ADE /* ShoppingList.storyboard */; };
		0CA2CE5423D6D4B100F16AE0 /* latestdata.csv in Resources */ = {isa = PBXBuildFile; fileRef = 0CA2CE5323D6D4B100F16AE0 /* latestdata.csv */; };
		0CA5209F23CC3AC8003CD086 /* ClothDetailViewController.swift in Sources */ = {isa = PBXBuildFile; fileRef = 0CA5209E23CC3AC8003CD086 /* ClothDetailViewController.swift */; };
		0CA5EEC723CEFDF0005C43E3 /* LikeViewController.swift in Sources */ = {isa = PBXBuildFile; fileRef = 0CA5EEC623CEFDF0005C43E3 /* LikeViewController.swift */; };
		0CACA18523C5D49A00FEDE69 /* AppDelegate.swift in Sources */ = {isa = PBXBuildFile; fileRef = 0CACA18423C5D49A00FEDE69 /* AppDelegate.swift */; };
		0CACA18723C5D49A00FEDE69 /* SceneDelegate.swift in Sources */ = {isa = PBXBuildFile; fileRef = 0CACA18623C5D49A00FEDE69 /* SceneDelegate.swift */; };
		0CACA18923C5D49A00FEDE69 /* ViewController.swift in Sources */ = {isa = PBXBuildFile; fileRef = 0CACA18823C5D49A00FEDE69 /* ViewController.swift */; };
		0CACA18C23C5D49A00FEDE69 /* Main.storyboard in Resources */ = {isa = PBXBuildFile; fileRef = 0CACA18A23C5D49A00FEDE69 /* Main.storyboard */; };
		0CACA18E23C5D49E00FEDE69 /* Assets.xcassets in Resources */ = {isa = PBXBuildFile; fileRef = 0CACA18D23C5D49E00FEDE69 /* Assets.xcassets */; };
		0CACA19123C5D49E00FEDE69 /* LaunchScreen.storyboard in Resources */ = {isa = PBXBuildFile; fileRef = 0CACA18F23C5D49E00FEDE69 /* LaunchScreen.storyboard */; };
		0CACA19923C5D4C900FEDE69 /* Cloth.swift in Sources */ = {isa = PBXBuildFile; fileRef = 0CACA19823C5D4C900FEDE69 /* Cloth.swift */; };
		0CD5A48023D57764000281A8 /* SizeTabularClassifier.mlmodel in Sources */ = {isa = PBXBuildFile; fileRef = 0CD5A47F23D57764000281A8 /* SizeTabularClassifier.mlmodel */; };
		0CD5A48223D58007000281A8 /* EnterSizeViewController.swift in Sources */ = {isa = PBXBuildFile; fileRef = 0CD5A48123D58007000281A8 /* EnterSizeViewController.swift */; };
		4F37F7395482B78462CEC3EB /* Pods_size.framework in Frameworks */ = {isa = PBXBuildFile; fileRef = 525D2E2C950ADEFB6CA4215E /* Pods_size.framework */; };
/* End PBXBuildFile section */

/* Begin PBXFileReference section */
		0C12F47523E577E100187A31 /* NavigationController.swift */ = {isa = PBXFileReference; lastKnownFileType = sourcecode.swift; path = NavigationController.swift; sourceTree = "<group>"; };
		0C193E7E23E42FD500F59408 /* BMEULJIRO.otf */ = {isa = PBXFileReference; lastKnownFileType = file; path = BMEULJIRO.otf; sourceTree = "<group>"; };
		0C193E8023E4361700F59408 /* BinggraeⅡ.otf */ = {isa = PBXFileReference; lastKnownFileType = file; path = "BinggraeⅡ.otf"; sourceTree = "<group>"; };
		0C193E8223E436A800F59408 /* NanumGothicLight.otf */ = {isa = PBXFileReference; lastKnownFileType = file; path = NanumGothicLight.otf; sourceTree = "<group>"; };
		0C193E8623E436B900F59408 /* NanumGothic.otf */ = {isa = PBXFileReference; lastKnownFileType = file; path = NanumGothic.otf; sourceTree = "<group>"; };
		0C193E8823E447B300F59408 /* NanumGothicBold.otf */ = {isa = PBXFileReference; lastKnownFileType = file; path = NanumGothicBold.otf; sourceTree = "<group>"; };
		0C9C936623CDC4A500F07D3C /* WebViewController.swift */ = {isa = PBXFileReference; lastKnownFileType = sourcecode.swift; path = WebViewController.swift; sourceTree = "<group>"; };
		0C9C936923CDD3D800F07D3C /* WebKit.framework */ = {isa = PBXFileReference; lastKnownFileType = wrapper.framework; name = WebKit.framework; path = System/Library/Frameworks/WebKit.framework; sourceTree = SDKROOT; };
		0C9DC4B623D05E160023392E /* LikeTableViewCell.swift */ = {isa = PBXFileReference; lastKnownFileType = sourcecode.swift; path = LikeTableViewCell.swift; sourceTree = "<group>"; };
		0C9E844923E137B0009CE23B /* SaveSizeViewController.swift */ = {isa = PBXFileReference; lastKnownFileType = sourcecode.swift; path = SaveSizeViewController.swift; sourceTree = "<group>"; };
		0C9E844B23E13962009CE23B /* SaveSizeTableViewCell.swift */ = {isa = PBXFileReference; lastKnownFileType = sourcecode.swift; path = SaveSizeTableViewCell.swift; sourceTree = "<group>"; };
		0C9E844D23E17E14009CE23B /* FirstEnterSizeViewController.swift */ = {isa = PBXFileReference; lastKnownFileType = sourcecode.swift; path = FirstEnterSizeViewController.swift; sourceTree = "<group>"; };
		0C9EFE0723DFFFF400440799 /* measureViewController.swift */ = {isa = PBXFileReference; lastKnownFileType = sourcecode.swift; path = measureViewController.swift; sourceTree = "<group>"; };
		0C9EFE0923E0004700440799 /* ARKit.framework */ = {isa = PBXFileReference; lastKnownFileType = wrapper.framework; name = ARKit.framework; path = System/Library/Frameworks/ARKit.framework; sourceTree = SDKROOT; };
		0C9EFE0A23E0004700440799 /* libswiftARKit.tbd */ = {isa = PBXFileReference; lastKnownFileType = "sourcecode.text-based-dylib-definition"; name = libswiftARKit.tbd; path = usr/lib/swift/libswiftARKit.tbd; sourceTree = SDKROOT; };
		0C9EFE0D23E0005800440799 /* SceneKit.framework */ = {isa = PBXFileReference; lastKnownFileType = wrapper.framework; name = SceneKit.framework; path = System/Library/Frameworks/SceneKit.framework; sourceTree = SDKROOT; };
		0C9EFE0F23E0007100440799 /* Extensions.swift */ = {isa = PBXFileReference; lastKnownFileType = sourcecode.swift; path = Extensions.swift; sourceTree = "<group>"; };
		0CA2348123C710DD00E2D5E7 /* ClothInformationCell.swift */ = {isa = PBXFileReference; lastKnownFileType = sourcecode.swift; path = ClothInformationCell.swift; sourceTree = "<group>"; };
		0CA2461123E2E7AE00847ADE /* Base */ = {isa = PBXFileReference; lastKnownFileType = file.storyboard; name = Base; path = Base.lproj/Closet.storyboard; sourceTree = "<group>"; };
		0CA2461323E2E7DD00847ADE /* EnterSize.storyboard */ = {isa = PBXFileReference; fileEncoding = 4; lastKnownFileType = file.storyboard; path = EnterSize.storyboard; sourceTree = "<group>"; };
		0CA2461623E2E80C00847ADE /* Base */ = {isa = PBXFileReference; lastKnownFileType = file.storyboard; name = Base; path = Base.lproj/LikeView.storyboard; sourceTree = "<group>"; };
		0CA2461923E2E83F00847ADE /* Base */ = {isa = PBXFileReference; lastKnownFileType = file.storyboard; name = Base; path = Base.lproj/ShoppingList.storyboard; sourceTree = "<group>"; };
		0CA2CE5323D6D4B100F16AE0 /* latestdata.csv */ = {isa = PBXFileReference; fileEncoding = 4; lastKnownFileType = text; path = latestdata.csv; sourceTree = "<group>"; };
		0CA5209E23CC3AC8003CD086 /* ClothDetailViewController.swift */ = {isa = PBXFileReference; lastKnownFileType = sourcecode.swift; path = ClothDetailViewController.swift; sourceTree = "<group>"; };
		0CA5EEC623CEFDF0005C43E3 /* LikeViewController.swift */ = {isa = PBXFileReference; lastKnownFileType = sourcecode.swift; path = LikeViewController.swift; sourceTree = "<group>"; };
		0CACA18123C5D49A00FEDE69 /* size.app */ = {isa = PBXFileReference; explicitFileType = wrapper.application; includeInIndex = 0; path = size.app; sourceTree = BUILT_PRODUCTS_DIR; };
		0CACA18423C5D49A00FEDE69 /* AppDelegate.swift */ = {isa = PBXFileReference; lastKnownFileType = sourcecode.swift; path = AppDelegate.swift; sourceTree = "<group>"; };
		0CACA18623C5D49A00FEDE69 /* SceneDelegate.swift */ = {isa = PBXFileReference; lastKnownFileType = sourcecode.swift; path = SceneDelegate.swift; sourceTree = "<group>"; };
		0CACA18823C5D49A00FEDE69 /* ViewController.swift */ = {isa = PBXFileReference; lastKnownFileType = sourcecode.swift; path = ViewController.swift; sourceTree = "<group>"; };
		0CACA18B23C5D49A00FEDE69 /* Base */ = {isa = PBXFileReference; lastKnownFileType = file.storyboard; name = Base; path = Base.lproj/Main.storyboard; sourceTree = "<group>"; };
		0CACA18D23C5D49E00FEDE69 /* Assets.xcassets */ = {isa = PBXFileReference; lastKnownFileType = folder.assetcatalog; path = Assets.xcassets; sourceTree = "<group>"; };
		0CACA19023C5D49E00FEDE69 /* Base */ = {isa = PBXFileReference; lastKnownFileType = file.storyboard; name = Base; path = Base.lproj/LaunchScreen.storyboard; sourceTree = "<group>"; };
		0CACA19223C5D49E00FEDE69 /* Info.plist */ = {isa = PBXFileReference; lastKnownFileType = text.plist.xml; path = Info.plist; sourceTree = "<group>"; };
		0CACA19823C5D4C900FEDE69 /* Cloth.swift */ = {isa = PBXFileReference; lastKnownFileType = sourcecode.swift; path = Cloth.swift; sourceTree = "<group>"; };
		0CD5A47F23D57764000281A8 /* SizeTabularClassifier.mlmodel */ = {isa = PBXFileReference; lastKnownFileType = file.mlmodel; path = SizeTabularClassifier.mlmodel; sourceTree = "<group>"; };
		0CD5A48123D58007000281A8 /* EnterSizeViewController.swift */ = {isa = PBXFileReference; lastKnownFileType = sourcecode.swift; path = EnterSizeViewController.swift; sourceTree = "<group>"; };
		24B75E6A397F5A073A394954 /* Pods-size.release.xcconfig */ = {isa = PBXFileReference; includeInIndex = 1; lastKnownFileType = text.xcconfig; name = "Pods-size.release.xcconfig"; path = "Target Support Files/Pods-size/Pods-size.release.xcconfig"; sourceTree = "<group>"; };
		3076F0CA438099541527D701 /* Pods-size.debug.xcconfig */ = {isa = PBXFileReference; includeInIndex = 1; lastKnownFileType = text.xcconfig; name = "Pods-size.debug.xcconfig"; path = "Target Support Files/Pods-size/Pods-size.debug.xcconfig"; sourceTree = "<group>"; };
		525D2E2C950ADEFB6CA4215E /* Pods_size.framework */ = {isa = PBXFileReference; explicitFileType = wrapper.framework; includeInIndex = 0; path = Pods_size.framework; sourceTree = BUILT_PRODUCTS_DIR; };
/* End PBXFileReference section */

/* Begin PBXFrameworksBuildPhase section */
		0CACA17E23C5D49A00FEDE69 /* Frameworks */ = {
			isa = PBXFrameworksBuildPhase;
			buildActionMask = 2147483647;
			files = (
				0C9EFE0E23E0005800440799 /* SceneKit.framework in Frameworks */,
				0C9EFE0B23E0004700440799 /* ARKit.framework in Frameworks */,
				0C9EFE0C23E0004700440799 /* libswiftARKit.tbd in Frameworks */,
				0C9C936A23CDD3D800F07D3C /* WebKit.framework in Frameworks */,
				4F37F7395482B78462CEC3EB /* Pods_size.framework in Frameworks */,
			);
			runOnlyForDeploymentPostprocessing = 0;
		};
/* End PBXFrameworksBuildPhase section */

/* Begin PBXGroup section */
		0C193E7D23E42F3A00F59408 /* font */ = {
			isa = PBXGroup;
			children = (
				0C193E8223E436A800F59408 /* NanumGothicLight.otf */,
				0C193E8823E447B300F59408 /* NanumGothicBold.otf */,
				0C193E8023E4361700F59408 /* BinggraeⅡ.otf */,
				0C193E8623E436B900F59408 /* NanumGothic.otf */,
				0C193E7E23E42FD500F59408 /* BMEULJIRO.otf */,
			);
			path = font;
			sourceTree = "<group>";
		};
		0C9C936823CDD3D700F07D3C /* Frameworks */ = {
			isa = PBXGroup;
			children = (
				0C9EFE0D23E0005800440799 /* SceneKit.framework */,
				0C9EFE0923E0004700440799 /* ARKit.framework */,
				0C9EFE0A23E0004700440799 /* libswiftARKit.tbd */,
				0C9C936923CDD3D800F07D3C /* WebKit.framework */,
				525D2E2C950ADEFB6CA4215E /* Pods_size.framework */,
			);
			name = Frameworks;
			sourceTree = "<group>";
		};
		0CACA17823C5D49A00FEDE69 = {
			isa = PBXGroup;
			children = (
				0CACA18323C5D49A00FEDE69 /* size */,
				0CACA18223C5D49A00FEDE69 /* Products */,
				0C9C936823CDD3D700F07D3C /* Frameworks */,
				AB5C29C0416AA8524F304983 /* Pods */,
			);
			sourceTree = "<group>";
		};
		0CACA18223C5D49A00FEDE69 /* Products */ = {
			isa = PBXGroup;
			children = (
				0CACA18123C5D49A00FEDE69 /* size.app */,
			);
			name = Products;
			sourceTree = "<group>";
		};
		0CACA18323C5D49A00FEDE69 /* size */ = {
			isa = PBXGroup;
			children = (
				0C193E7D23E42F3A00F59408 /* font */,
				0CA2461823E2E83F00847ADE /* ShoppingList.storyboard */,
				0CA2461523E2E80C00847ADE /* LikeView.storyboard */,
				0CA2461323E2E7DD00847ADE /* EnterSize.storyboard */,
				0CA2461023E2E7AE00847ADE /* Closet.storyboard */,
				0CA2CE5323D6D4B100F16AE0 /* latestdata.csv */,
				0CD5A47F23D57764000281A8 /* SizeTabularClassifier.mlmodel */,
				0CACA18423C5D49A00FEDE69 /* AppDelegate.swift */,
				0CACA18623C5D49A00FEDE69 /* SceneDelegate.swift */,
				0CACA18823C5D49A00FEDE69 /* ViewController.swift */,
				0CACA18A23C5D49A00FEDE69 /* Main.storyboard */,
				0CACA18D23C5D49E00FEDE69 /* Assets.xcassets */,
				0CACA18F23C5D49E00FEDE69 /* LaunchScreen.storyboard */,
				0CACA19223C5D49E00FEDE69 /* Info.plist */,
				0CACA19823C5D4C900FEDE69 /* Cloth.swift */,
				0CA2348123C710DD00E2D5E7 /* ClothInformationCell.swift */,
				0CA5209E23CC3AC8003CD086 /* ClothDetailViewController.swift */,
				0C9C936623CDC4A500F07D3C /* WebViewController.swift */,
				0CA5EEC623CEFDF0005C43E3 /* LikeViewController.swift */,
				0C9DC4B623D05E160023392E /* LikeTableViewCell.swift */,
				0CD5A48123D58007000281A8 /* EnterSizeViewController.swift */,
				0C9EFE0723DFFFF400440799 /* measureViewController.swift */,
				0C9EFE0F23E0007100440799 /* Extensions.swift */,
				0C9E844923E137B0009CE23B /* SaveSizeViewController.swift */,
				0C9E844B23E13962009CE23B /* SaveSizeTableViewCell.swift */,
				0C9E844D23E17E14009CE23B /* FirstEnterSizeViewController.swift */,
				0C12F47523E577E100187A31 /* NavigationController.swift */,
			);
			path = size;
			sourceTree = "<group>";
		};
		AB5C29C0416AA8524F304983 /* Pods */ = {
			isa = PBXGroup;
			children = (
				3076F0CA438099541527D701 /* Pods-size.debug.xcconfig */,
				24B75E6A397F5A073A394954 /* Pods-size.release.xcconfig */,
			);
			path = Pods;
			sourceTree = "<group>";
		};
/* End PBXGroup section */

/* Begin PBXNativeTarget section */
		0CACA18023C5D49A00FEDE69 /* size */ = {
			isa = PBXNativeTarget;
			buildConfigurationList = 0CACA19523C5D49E00FEDE69 /* Build configuration list for PBXNativeTarget "size" */;
			buildPhases = (
				0ECAE4D9AA8B44D7CF67868D /* [CP] Check Pods Manifest.lock */,
				0CACA17D23C5D49A00FEDE69 /* Sources */,
				0CACA17E23C5D49A00FEDE69 /* Frameworks */,
				0CACA17F23C5D49A00FEDE69 /* Resources */,
				7D05952883641B08B61F4E00 /* [CP] Embed Pods Frameworks */,
			);
			buildRules = (
			);
			dependencies = (
			);
			name = size;
			productName = size;
			productReference = 0CACA18123C5D49A00FEDE69 /* size.app */;
			productType = "com.apple.product-type.application";
		};
/* End PBXNativeTarget section */

/* Begin PBXProject section */
		0CACA17923C5D49A00FEDE69 /* Project object */ = {
			isa = PBXProject;
			attributes = {
				LastSwiftUpdateCheck = 1130;
				LastUpgradeCheck = 1130;
				ORGANIZATIONNAME = dgulinc;
				TargetAttributes = {
					0CACA18023C5D49A00FEDE69 = {
						CreatedOnToolsVersion = 11.3;
					};
				};
			};
			buildConfigurationList = 0CACA17C23C5D49A00FEDE69 /* Build configuration list for PBXProject "size" */;
			compatibilityVersion = "Xcode 9.3";
			developmentRegion = en;
			hasScannedForEncodings = 0;
			knownRegions = (
				en,
				Base,
			);
			mainGroup = 0CACA17823C5D49A00FEDE69;
			productRefGroup = 0CACA18223C5D49A00FEDE69 /* Products */;
			projectDirPath = "";
			projectRoot = "";
			targets = (
				0CACA18023C5D49A00FEDE69 /* size */,
			);
		};
/* End PBXProject section */

/* Begin PBXResourcesBuildPhase section */
		0CACA17F23C5D49A00FEDE69 /* Resources */ = {
			isa = PBXResourcesBuildPhase;
			buildActionMask = 2147483647;
			files = (
				0C193E8723E436B900F59408 /* NanumGothic.otf in Resources */,
				0CACA19123C5D49E00FEDE69 /* LaunchScreen.storyboard in Resources */,
				0C193E7F23E42FD500F59408 /* BMEULJIRO.otf in Resources */,
				0C193E8123E4361700F59408 /* BinggraeⅡ.otf in Resources */,
				0CACA18E23C5D49E00FEDE69 /* Assets.xcassets in Resources */,
				0CA2461A23E2E83F00847ADE /* ShoppingList.storyboard in Resources */,
				0CA2461423E2E7DD00847ADE /* EnterSize.storyboard in Resources */,
				0C193E8923E447B300F59408 /* NanumGothicBold.otf in Resources */,
				0CACA18C23C5D49A00FEDE69 /* Main.storyboard in Resources */,
				0C193E8323E436A800F59408 /* NanumGothicLight.otf in Resources */,
				0CA2CE5423D6D4B100F16AE0 /* latestdata.csv in Resources */,
				0CA2461223E2E7AE00847ADE /* Closet.storyboard in Resources */,
				0CA2461723E2E80C00847ADE /* LikeView.storyboard in Resources */,
			);
			runOnlyForDeploymentPostprocessing = 0;
		};
/* End PBXResourcesBuildPhase section */

/* Begin PBXShellScriptBuildPhase section */
		0ECAE4D9AA8B44D7CF67868D /* [CP] Check Pods Manifest.lock */ = {
			isa = PBXShellScriptBuildPhase;
			buildActionMask = 2147483647;
			files = (
			);
			inputFileListPaths = (
			);
			inputPaths = (
				"${PODS_PODFILE_DIR_PATH}/Podfile.lock",
				"${PODS_ROOT}/Manifest.lock",
			);
			name = "[CP] Check Pods Manifest.lock";
			outputFileListPaths = (
			);
			outputPaths = (
				"$(DERIVED_FILE_DIR)/Pods-size-checkManifestLockResult.txt",
			);
			runOnlyForDeploymentPostprocessing = 0;
			shellPath = /bin/sh;
			shellScript = "diff \"${PODS_PODFILE_DIR_PATH}/Podfile.lock\" \"${PODS_ROOT}/Manifest.lock\" > /dev/null\nif [ $? != 0 ] ; then\n    # print error to STDERR\n    echo \"error: The sandbox is not in sync with the Podfile.lock. Run 'pod install' or update your CocoaPods installation.\" >&2\n    exit 1\nfi\n# This output is used by Xcode 'outputs' to avoid re-running this script phase.\necho \"SUCCESS\" > \"${SCRIPT_OUTPUT_FILE_0}\"\n";
			showEnvVarsInLog = 0;
		};
		7D05952883641B08B61F4E00 /* [CP] Embed Pods Frameworks */ = {
			isa = PBXShellScriptBuildPhase;
			buildActionMask = 2147483647;
			files = (
			);
			inputFileListPaths = (
				"${PODS_ROOT}/Target Support Files/Pods-size/Pods-size-frameworks-${CONFIGURATION}-input-files.xcfilelist",
			);
			name = "[CP] Embed Pods Frameworks";
			outputFileListPaths = (
				"${PODS_ROOT}/Target Support Files/Pods-size/Pods-size-frameworks-${CONFIGURATION}-output-files.xcfilelist",
			);
			runOnlyForDeploymentPostprocessing = 0;
			shellPath = /bin/sh;
			shellScript = "\"${PODS_ROOT}/Target Support Files/Pods-size/Pods-size-frameworks.sh\"\n";
			showEnvVarsInLog = 0;
		};
/* End PBXShellScriptBuildPhase section */

/* Begin PBXSourcesBuildPhase section */
		0CACA17D23C5D49A00FEDE69 /* Sources */ = {
			isa = PBXSourcesBuildPhase;
			buildActionMask = 2147483647;
			files = (
				0CD5A48023D57764000281A8 /* SizeTabularClassifier.mlmodel in Sources */,
				0CACA19923C5D4C900FEDE69 /* Cloth.swift in Sources */,
				0CA5EEC723CEFDF0005C43E3 /* LikeViewController.swift in Sources */,
				0CA5209F23CC3AC8003CD086 /* ClothDetailViewController.swift in Sources */,
				0CACA18923C5D49A00FEDE69 /* ViewController.swift in Sources */,
				0CACA18523C5D49A00FEDE69 /* AppDelegate.swift in Sources */,
				0C9E844A23E137B0009CE23B /* SaveSizeViewController.swift in Sources */,
				0CACA18723C5D49A00FEDE69 /* SceneDelegate.swift in Sources */,
				0C9E844E23E17E14009CE23B /* FirstEnterSizeViewController.swift in Sources */,
				0C12F47623E577E100187A31 /* NavigationController.swift in Sources */,
				0C9EFE1023E0007100440799 /* Extensions.swift in Sources */,
				0C9DC4B723D05E160023392E /* LikeTableViewCell.swift in Sources */,
				0CA2348223C710DD00E2D5E7 /* ClothInformationCell.swift in Sources */,
				0C9E844C23E13962009CE23B /* SaveSizeTableViewCell.swift in Sources */,
				0C9EFE0823DFFFF400440799 /* measureViewController.swift in Sources */,
				0CD5A48223D58007000281A8 /* EnterSizeViewController.swift in Sources */,
			);
			runOnlyForDeploymentPostprocessing = 0;
		};
/* End PBXSourcesBuildPhase section */

/* Begin PBXVariantGroup section */
		0CA2461023E2E7AE00847ADE /* Closet.storyboard */ = {
			isa = PBXVariantGroup;
			children = (
				0CA2461123E2E7AE00847ADE /* Base */,
			);
			name = Closet.storyboard;
			sourceTree = "<group>";
		};
		0CA2461523E2E80C00847ADE /* LikeView.storyboard */ = {
			isa = PBXVariantGroup;
			children = (
				0CA2461623E2E80C00847ADE /* Base */,
			);
			name = LikeView.storyboard;
			sourceTree = "<group>";
		};
		0CA2461823E2E83F00847ADE /* ShoppingList.storyboard */ = {
			isa = PBXVariantGroup;
			children = (
				0CA2461923E2E83F00847ADE /* Base */,
			);
			name = ShoppingList.storyboard;
			sourceTree = "<group>";
		};
		0CACA18A23C5D49A00FEDE69 /* Main.storyboard */ = {
			isa = PBXVariantGroup;
			children = (
				0CACA18B23C5D49A00FEDE69 /* Base */,
			);
			name = Main.storyboard;
			sourceTree = "<group>";
		};
		0CACA18F23C5D49E00FEDE69 /* LaunchScreen.storyboard */ = {
			isa = PBXVariantGroup;
			children = (
				0CACA19023C5D49E00FEDE69 /* Base */,
			);
			name = LaunchScreen.storyboard;
			sourceTree = "<group>";
		};
/* End PBXVariantGroup section */

/* Begin XCBuildConfiguration section */
		0CACA19323C5D49E00FEDE69 /* Debug */ = {
			isa = XCBuildConfiguration;
			buildSettings = {
				ALWAYS_SEARCH_USER_PATHS = NO;
				CLANG_ANALYZER_NONNULL = YES;
				CLANG_ANALYZER_NUMBER_OBJECT_CONVERSION = YES_AGGRESSIVE;
				CLANG_CXX_LANGUAGE_STANDARD = "gnu++14";
				CLANG_CXX_LIBRARY = "libc++";
				CLANG_ENABLE_MODULES = YES;
				CLANG_ENABLE_OBJC_ARC = YES;
				CLANG_ENABLE_OBJC_WEAK = YES;
				CLANG_WARN_BLOCK_CAPTURE_AUTORELEASING = YES;
				CLANG_WARN_BOOL_CONVERSION = YES;
				CLANG_WARN_COMMA = YES;
				CLANG_WARN_CONSTANT_CONVERSION = YES;
				CLANG_WARN_DEPRECATED_OBJC_IMPLEMENTATIONS = YES;
				CLANG_WARN_DIRECT_OBJC_ISA_USAGE = YES_ERROR;
				CLANG_WARN_DOCUMENTATION_COMMENTS = YES;
				CLANG_WARN_EMPTY_BODY = YES;
				CLANG_WARN_ENUM_CONVERSION = YES;
				CLANG_WARN_INFINITE_RECURSION = YES;
				CLANG_WARN_INT_CONVERSION = YES;
				CLANG_WARN_NON_LITERAL_NULL_CONVERSION = YES;
				CLANG_WARN_OBJC_IMPLICIT_RETAIN_SELF = YES;
				CLANG_WARN_OBJC_LITERAL_CONVERSION = YES;
				CLANG_WARN_OBJC_ROOT_CLASS = YES_ERROR;
				CLANG_WARN_RANGE_LOOP_ANALYSIS = YES;
				CLANG_WARN_STRICT_PROTOTYPES = YES;
				CLANG_WARN_SUSPICIOUS_MOVE = YES;
				CLANG_WARN_UNGUARDED_AVAILABILITY = YES_AGGRESSIVE;
				CLANG_WARN_UNREACHABLE_CODE = YES;
				CLANG_WARN__DUPLICATE_METHOD_MATCH = YES;
				COPY_PHASE_STRIP = NO;
				DEBUG_INFORMATION_FORMAT = dwarf;
				ENABLE_STRICT_OBJC_MSGSEND = YES;
				ENABLE_TESTABILITY = YES;
				GCC_C_LANGUAGE_STANDARD = gnu11;
				GCC_DYNAMIC_NO_PIC = NO;
				GCC_NO_COMMON_BLOCKS = YES;
				GCC_OPTIMIZATION_LEVEL = 0;
				GCC_PREPROCESSOR_DEFINITIONS = (
					"DEBUG=1",
					"$(inherited)",
				);
				GCC_WARN_64_TO_32_BIT_CONVERSION = YES;
				GCC_WARN_ABOUT_RETURN_TYPE = YES_ERROR;
				GCC_WARN_UNDECLARED_SELECTOR = YES;
				GCC_WARN_UNINITIALIZED_AUTOS = YES_AGGRESSIVE;
				GCC_WARN_UNUSED_FUNCTION = YES;
				GCC_WARN_UNUSED_VARIABLE = YES;
				IPHONEOS_DEPLOYMENT_TARGET = 13.0;
				MTL_ENABLE_DEBUG_INFO = INCLUDE_SOURCE;
				MTL_FAST_MATH = YES;
				ONLY_ACTIVE_ARCH = YES;
				SDKROOT = iphoneos;
				SWIFT_ACTIVE_COMPILATION_CONDITIONS = DEBUG;
				SWIFT_OPTIMIZATION_LEVEL = "-Onone";
			};
			name = Debug;
		};
		0CACA19423C5D49E00FEDE69 /* Release */ = {
			isa = XCBuildConfiguration;
			buildSettings = {
				ALWAYS_SEARCH_USER_PATHS = NO;
				CLANG_ANALYZER_NONNULL = YES;
				CLANG_ANALYZER_NUMBER_OBJECT_CONVERSION = YES_AGGRESSIVE;
				CLANG_CXX_LANGUAGE_STANDARD = "gnu++14";
				CLANG_CXX_LIBRARY = "libc++";
				CLANG_ENABLE_MODULES = YES;
				CLANG_ENABLE_OBJC_ARC = YES;
				CLANG_ENABLE_OBJC_WEAK = YES;
				CLANG_WARN_BLOCK_CAPTURE_AUTORELEASING = YES;
				CLANG_WARN_BOOL_CONVERSION = YES;
				CLANG_WARN_COMMA = YES;
				CLANG_WARN_CONSTANT_CONVERSION = YES;
				CLANG_WARN_DEPRECATED_OBJC_IMPLEMENTATIONS = YES;
				CLANG_WARN_DIRECT_OBJC_ISA_USAGE = YES_ERROR;
				CLANG_WARN_DOCUMENTATION_COMMENTS = YES;
				CLANG_WARN_EMPTY_BODY = YES;
				CLANG_WARN_ENUM_CONVERSION = YES;
				CLANG_WARN_INFINITE_RECURSION = YES;
				CLANG_WARN_INT_CONVERSION = YES;
				CLANG_WARN_NON_LITERAL_NULL_CONVERSION = YES;
				CLANG_WARN_OBJC_IMPLICIT_RETAIN_SELF = YES;
				CLANG_WARN_OBJC_LITERAL_CONVERSION = YES;
				CLANG_WARN_OBJC_ROOT_CLASS = YES_ERROR;
				CLANG_WARN_RANGE_LOOP_ANALYSIS = YES;
				CLANG_WARN_STRICT_PROTOTYPES = YES;
				CLANG_WARN_SUSPICIOUS_MOVE = YES;
				CLANG_WARN_UNGUARDED_AVAILABILITY = YES_AGGRESSIVE;
				CLANG_WARN_UNREACHABLE_CODE = YES;
				CLANG_WARN__DUPLICATE_METHOD_MATCH = YES;
				COPY_PHASE_STRIP = NO;
				DEBUG_INFORMATION_FORMAT = "dwarf-with-dsym";
				ENABLE_NS_ASSERTIONS = NO;
				ENABLE_STRICT_OBJC_MSGSEND = YES;
				GCC_C_LANGUAGE_STANDARD = gnu11;
				GCC_NO_COMMON_BLOCKS = YES;
				GCC_WARN_64_TO_32_BIT_CONVERSION = YES;
				GCC_WARN_ABOUT_RETURN_TYPE = YES_ERROR;
				GCC_WARN_UNDECLARED_SELECTOR = YES;
				GCC_WARN_UNINITIALIZED_AUTOS = YES_AGGRESSIVE;
				GCC_WARN_UNUSED_FUNCTION = YES;
				GCC_WARN_UNUSED_VARIABLE = YES;
				IPHONEOS_DEPLOYMENT_TARGET = 13.0;
				MTL_ENABLE_DEBUG_INFO = NO;
				MTL_FAST_MATH = YES;
				SDKROOT = iphoneos;
				SWIFT_COMPILATION_MODE = wholemodule;
				SWIFT_OPTIMIZATION_LEVEL = "-O";
				VALIDATE_PRODUCT = YES;
			};
			name = Release;
		};
		0CACA19623C5D49E00FEDE69 /* Debug */ = {
			isa = XCBuildConfiguration;
			baseConfigurationReference = 3076F0CA438099541527D701 /* Pods-size.debug.xcconfig */;
			buildSettings = {
				ASSETCATALOG_COMPILER_APPICON_NAME = AppIcon;
				CODE_SIGN_STYLE = Automatic;
				DEVELOPMENT_TEAM = 7VD3DRZ7QS;
				INFOPLIST_FILE = size/Info.plist;
				LD_RUNPATH_SEARCH_PATHS = (
					"$(inherited)",
					"@executable_path/Frameworks",
				);
				LIBRARY_SEARCH_PATHS = (
					"$(inherited)",
					"$(SDKROOT)/usr/lib/swift",
				);
				PRODUCT_BUNDLE_IDENTIFIER = com.minproject.size330123;
				PRODUCT_NAME = "$(TARGET_NAME)";
				SWIFT_VERSION = 5.0;
				TARGETED_DEVICE_FAMILY = "1,2";
			};
			name = Debug;
		};
		0CACA19723C5D49E00FEDE69 /* Release */ = {
			isa = XCBuildConfiguration;
			baseConfigurationReference = 24B75E6A397F5A073A394954 /* Pods-size.release.xcconfig */;
			buildSettings = {
				ASSETCATALOG_COMPILER_APPICON_NAME = AppIcon;
				CODE_SIGN_STYLE = Automatic;
				DEVELOPMENT_TEAM = 7VD3DRZ7QS;
				INFOPLIST_FILE = size/Info.plist;
				LD_RUNPATH_SEARCH_PATHS = (
					"$(inherited)",
					"@executable_path/Frameworks",
				);
				LIBRARY_SEARCH_PATHS = (
					"$(inherited)",
					"$(SDKROOT)/usr/lib/swift",
				);
				PRODUCT_BUNDLE_IDENTIFIER = com.minproject.size123123;
				PRODUCT_NAME = "$(TARGET_NAME)";
				SWIFT_VERSION = 5.0;
				TARGETED_DEVICE_FAMILY = "1,2";
			};
			name = Release;
		};
/* End XCBuildConfiguration section */

/* Begin XCConfigurationList section */
		0CACA17C23C5D49A00FEDE69 /* Build configuration list for PBXProject "size" */ = {
			isa = XCConfigurationList;
			buildConfigurations = (
				0CACA19323C5D49E00FEDE69 /* Debug */,
				0CACA19423C5D49E00FEDE69 /* Release */,
			);
			defaultConfigurationIsVisible = 0;
			defaultConfigurationName = Release;
		};
		0CACA19523C5D49E00FEDE69 /* Build configuration list for PBXNativeTarget "size" */ = {
			isa = XCConfigurationList;
			buildConfigurations = (
				0CACA19623C5D49E00FEDE69 /* Debug */,
				0CACA19723C5D49E00FEDE69 /* Release */,
			);
			defaultConfigurationIsVisible = 0;
			defaultConfigurationName = Release;
		};
/* End XCConfigurationList section */
	};
	rootObject = 0CACA17923C5D49A00FEDE69 /* Project object */;
}
