// !$*UTF8*$!
{
	archiveVersion = 1;
	classes = {
	};
	objectVersion = 50;
	objects = {

/* Begin PBXBuildFile section */
		0C9C936A23CDD3D800F07D3C /* WebKit.framework in Frameworks */ = {isa = PBXBuildFile; fileRef = 0C9C936923CDD3D800F07D3C /* WebKit.framework */; };
		0C9DC4B723D05E160023392E /* LikeTableViewCell.swift in Sources */ = {isa = PBXBuildFile; fileRef = 0C9DC4B623D05E160023392E /* LikeTableViewCell.swift */; };
		0CA2348223C710DD00E2D5E7 /* ClothInformationCell.swift in Sources */ = {isa = PBXBuildFile; fileRef = 0CA2348123C710DD00E2D5E7 /* ClothInformationCell.swift */; };
		0CA5209F23CC3AC8003CD086 /* ClothDetailViewController.swift in Sources */ = {isa = PBXBuildFile; fileRef = 0CA5209E23CC3AC8003CD086 /* ClothDetailViewController.swift */; };
		0CA5EEC723CEFDF0005C43E3 /* LikeViewController.swift in Sources */ = {isa = PBXBuildFile; fileRef = 0CA5EEC623CEFDF0005C43E3 /* LikeViewController.swift */; };
		0CACA18523C5D49A00FEDE69 /* AppDelegate.swift in Sources */ = {isa = PBXBuildFile; fileRef = 0CACA18423C5D49A00FEDE69 /* AppDelegate.swift */; };
		0CACA18723C5D49A00FEDE69 /* SceneDelegate.swift in Sources */ = {isa = PBXBuildFile; fileRef = 0CACA18623C5D49A00FEDE69 /* SceneDelegate.swift */; };
		0CACA18923C5D49A00FEDE69 /* ViewController.swift in Sources */ = {isa = PBXBuildFile; fileRef = 0CACA18823C5D49A00FEDE69 /* ViewController.swift */; };
		0CACA18C23C5D49A00FEDE69 /* Main.storyboard in Resources */ = {isa = PBXBuildFile; fileRef = 0CACA18A23C5D49A00FEDE69 /* Main.storyboard */; };
		0CACA18E23C5D49E00FEDE69 /* Assets.xcassets in Resources */ = {isa = PBXBuildFile; fileRef = 0CACA18D23C5D49E00FEDE69 /* Assets.xcassets */; };
		0CACA19123C5D49E00FEDE69 /* LaunchScreen.storyboard in Resources */ = {isa = PBXBuildFile; fileRef = 0CACA18F23C5D49E00FEDE69 /* LaunchScreen.storyboard */; };
		0CACA19923C5D4C900FEDE69 /* Cloth.swift in Sources */ = {isa = PBXBuildFile; fileRef = 0CACA19823C5D4C900FEDE69 /* Cloth.swift */; };
		0CACA19B23C5D81F00FEDE69 /* ClothData.swift in Sources */ = {isa = PBXBuildFile; fileRef = 0CACA19A23C5D81F00FEDE69 /* ClothData.swift */; };
		0CD5A48023D57764000281A8 /* SizeTabularClassifier.mlmodel in Sources */ = {isa = PBXBuildFile; fileRef = 0CD5A47F23D57764000281A8 /* SizeTabularClassifier.mlmodel */; };
		0CD5A48223D58007000281A8 /* EnterSizeViewController.swift in Sources */ = {isa = PBXBuildFile; fileRef = 0CD5A48123D58007000281A8 /* EnterSizeViewController.swift */; };
		0CEA767323D5B716006BCFE1 /* latestdata.csv in Resources */ = {isa = PBXBuildFile; fileRef = 0CEA767223D5B716006BCFE1 /* latestdata.csv */; };
/* End PBXBuildFile section */

/* Begin PBXFileReference section */
		0C9C936623CDC4A500F07D3C /* WebViewController.swift */ = {isa = PBXFileReference; lastKnownFileType = sourcecode.swift; path = WebViewController.swift; sourceTree = "<group>"; };
		0C9C936923CDD3D800F07D3C /* WebKit.framework */ = {isa = PBXFileReference; lastKnownFileType = wrapper.framework; name = WebKit.framework; path = System/Library/Frameworks/WebKit.framework; sourceTree = SDKROOT; };
		0C9DC4B623D05E160023392E /* LikeTableViewCell.swift */ = {isa = PBXFileReference; lastKnownFileType = sourcecode.swift; path = LikeTableViewCell.swift; sourceTree = "<group>"; };
		0CA2348123C710DD00E2D5E7 /* ClothInformationCell.swift */ = {isa = PBXFileReference; lastKnownFileType = sourcecode.swift; path = ClothInformationCell.swift; sourceTree = "<group>"; };
		0CA5209E23CC3AC8003CD086 /* ClothDetailViewController.swift */ = {isa = PBXFileReference; lastKnownFileType = sourcecode.swift; path = ClothDetailViewController.swift; sourceTree = "<group>"; };
		0CA5EEC623CEFDF0005C43E3 /* LikeViewController.swift */ = {isa = PBXFileReference; lastKnownFileType = sourcecode.swift; path = LikeViewController.swift; sourceTree = "<group>"; };
		0CACA18123C5D49A00FEDE69 /* size.app */ = {isa = PBXFileReference; explicitFileType = wrapper.application; includeInIndex = 0; path = size.app; sourceTree = BUILT_PRODUCTS_DIR; };
		0CACA18423C5D49A00FEDE69 /* AppDelegate.swift */ = {isa = PBXFileReference; lastKnownFileType = sourcecode.swift; path = AppDelegate.swift; sourceTree = "<group>"; };
		0CACA18623C5D49A00FEDE69 /* SceneDelegate.swift */ = {isa = PBXFileReference; lastKnownFileType = sourcecode.swift; path = SceneDelegate.swift; sourceTree = "<group>"; };
		0CACA18823C5D49A00FEDE69 /* ViewController.swift */ = {isa = PBXFileReference; lastKnownFileType = sourcecode.swift; path = ViewController.swift; sourceTree = "<group>"; };
		0CACA18B23C5D49A00FEDE69 /* Base */ = {isa = PBXFileReference; lastKnownFileType = file.storyboard; name = Base; path = Base.lproj/Main.storyboard; sourceTree = "<group>"; };
		0CACA18D23C5D49E00FEDE69 /* Assets.xcassets */ = {isa = PBXFileReference; lastKnownFileType = folder.assetcatalog; path = Assets.xcassets; sourceTree = "<group>"; };
		0CACA19023C5D49E00FEDE69 /* Base */ = {isa = PBXFileReference; lastKnownFileType = file.storyboard; name = Base; path = Base.lproj/LaunchScreen.storyboard; sourceTree = "<group>"; };
		0CACA19223C5D49E00FEDE69 /* Info.plist */ = {isa = PBXFileReference; lastKnownFileType = text.plist.xml; path = Info.plist; sourceTree = "<group>"; };
		0CACA19823C5D4C900FEDE69 /* Cloth.swift */ = {isa = PBXFileReference; lastKnownFileType = sourcecode.swift; path = Cloth.swift; sourceTree = "<group>"; };
		0CACA19A23C5D81F00FEDE69 /* ClothData.swift */ = {isa = PBXFileReference; lastKnownFileType = sourcecode.swift; path = ClothData.swift; sourceTree = "<group>"; };
		0CD5A47F23D57764000281A8 /* SizeTabularClassifier.mlmodel */ = {isa = PBXFileReference; lastKnownFileType = file.mlmodel; path = SizeTabularClassifier.mlmodel; sourceTree = "<group>"; };
		0CD5A48123D58007000281A8 /* EnterSizeViewController.swift */ = {isa = PBXFileReference; lastKnownFileType = sourcecode.swift; path = EnterSizeViewController.swift; sourceTree = "<group>"; };
		0CEA767223D5B716006BCFE1 /* latestdata.csv */ = {isa = PBXFileReference; fileEncoding = 4; lastKnownFileType = text; name = latestdata.csv; path = ../../../../../Desktop/latestdata.csv; sourceTree = "<group>"; };
/* End PBXFileReference section */

/* Begin PBXFrameworksBuildPhase section */
		0CACA17E23C5D49A00FEDE69 /* Frameworks */ = {
			isa = PBXFrameworksBuildPhase;
			buildActionMask = 2147483647;
			files = (
				0C9C936A23CDD3D800F07D3C /* WebKit.framework in Frameworks */,
			);
			runOnlyForDeploymentPostprocessing = 0;
		};
/* End PBXFrameworksBuildPhase section */

/* Begin PBXGroup section */
		0C9C936823CDD3D700F07D3C /* Frameworks */ = {
			isa = PBXGroup;
			children = (
				0C9C936923CDD3D800F07D3C /* WebKit.framework */,
			);
			name = Frameworks;
			sourceTree = "<group>";
		};
		0CACA17823C5D49A00FEDE69 = {
			isa = PBXGroup;
			children = (
				0CACA18323C5D49A00FEDE69 /* size */,
				0CACA18223C5D49A00FEDE69 /* Products */,
				0C9C936823CDD3D700F07D3C /* Frameworks */,
			);
			sourceTree = "<group>";
		};
		0CACA18223C5D49A00FEDE69 /* Products */ = {
			isa = PBXGroup;
			children = (
				0CACA18123C5D49A00FEDE69 /* size.app */,
			);
			name = Products;
			sourceTree = "<group>";
		};
		0CACA18323C5D49A00FEDE69 /* size */ = {
			isa = PBXGroup;
			children = (
				0CEA767223D5B716006BCFE1 /* latestdata.csv */,
				0CD5A47F23D57764000281A8 /* SizeTabularClassifier.mlmodel */,
				0CACA18423C5D49A00FEDE69 /* AppDelegate.swift */,
				0CACA18623C5D49A00FEDE69 /* SceneDelegate.swift */,
				0CACA18823C5D49A00FEDE69 /* ViewController.swift */,
				0CACA18A23C5D49A00FEDE69 /* Main.storyboard */,
				0CACA18D23C5D49E00FEDE69 /* Assets.xcassets */,
				0CACA18F23C5D49E00FEDE69 /* LaunchScreen.storyboard */,
				0CACA19223C5D49E00FEDE69 /* Info.plist */,
				0CACA19823C5D4C900FEDE69 /* Cloth.swift */,
				0CACA19A23C5D81F00FEDE69 /* ClothData.swift */,
				0CA2348123C710DD00E2D5E7 /* ClothInformationCell.swift */,
				0CA5209E23CC3AC8003CD086 /* ClothDetailViewController.swift */,
				0C9C936623CDC4A500F07D3C /* WebViewController.swift */,
				0CA5EEC623CEFDF0005C43E3 /* LikeViewController.swift */,
				0C9DC4B623D05E160023392E /* LikeTableViewCell.swift */,
				0CD5A48123D58007000281A8 /* EnterSizeViewController.swift */,
			);
			path = size;
			sourceTree = "<group>";
		};
/* End PBXGroup section */

/* Begin PBXNativeTarget section */
		0CACA18023C5D49A00FEDE69 /* size */ = {
			isa = PBXNativeTarget;
			buildConfigurationList = 0CACA19523C5D49E00FEDE69 /* Build configuration list for PBXNativeTarget "size" */;
			buildPhases = (
				0CACA17D23C5D49A00FEDE69 /* Sources */,
				0CACA17E23C5D49A00FEDE69 /* Frameworks */,
				0CACA17F23C5D49A00FEDE69 /* Resources */,
			);
			buildRules = (
			);
			dependencies = (
			);
			name = size;
			productName = size;
			productReference = 0CACA18123C5D49A00FEDE69 /* size.app */;
			productType = "com.apple.product-type.application";
		};
/* End PBXNativeTarget section */

/* Begin PBXProject section */
		0CACA17923C5D49A00FEDE69 /* Project object */ = {
			isa = PBXProject;
			attributes = {
				LastSwiftUpdateCheck = 1130;
				LastUpgradeCheck = 1130;
				ORGANIZATIONNAME = dgulinc;
				TargetAttributes = {
					0CACA18023C5D49A00FEDE69 = {
						CreatedOnToolsVersion = 11.3;
					};
				};
			};
			buildConfigurationList = 0CACA17C23C5D49A00FEDE69 /* Build configuration list for PBXProject "size" */;
			compatibilityVersion = "Xcode 9.3";
			developmentRegion = en;
			hasScannedForEncodings = 0;
			knownRegions = (
				en,
				Base,
			);
			mainGroup = 0CACA17823C5D49A00FEDE69;
			productRefGroup = 0CACA18223C5D49A00FEDE69 /* Products */;
			projectDirPath = "";
			projectRoot = "";
			targets = (
				0CACA18023C5D49A00FEDE69 /* size */,
			);
		};
/* End PBXProject section */

/* Begin PBXResourcesBuildPhase section */
		0CACA17F23C5D49A00FEDE69 /* Resources */ = {
			isa = PBXResourcesBuildPhase;
			buildActionMask = 2147483647;
			files = (
				0CACA19123C5D49E00FEDE69 /* LaunchScreen.storyboard in Resources */,
				0CACA18E23C5D49E00FEDE69 /* Assets.xcassets in Resources */,
				0CACA18C23C5D49A00FEDE69 /* Main.storyboard in Resources */,
				0CEA767323D5B716006BCFE1 /* latestdata.csv in Resources */,
			);
			runOnlyForDeploymentPostprocessing = 0;
		};
/* End PBXResourcesBuildPhase section */

/* Begin PBXSourcesBuildPhase section */
		0CACA17D23C5D49A00FEDE69 /* Sources */ = {
			isa = PBXSourcesBuildPhase;
			buildActionMask = 2147483647;
			files = (
				0CD5A48023D57764000281A8 /* SizeTabularClassifier.mlmodel in Sources */,
				0CACA19923C5D4C900FEDE69 /* Cloth.swift in Sources */,
				0CA5EEC723CEFDF0005C43E3 /* LikeViewController.swift in Sources */,
				0CA5209F23CC3AC8003CD086 /* ClothDetailViewController.swift in Sources */,
				0CACA18923C5D49A00FEDE69 /* ViewController.swift in Sources */,
				0CACA18523C5D49A00FEDE69 /* AppDelegate.swift in Sources */,
				0CACA18723C5D49A00FEDE69 /* SceneDelegate.swift in Sources */,
				0CACA19B23C5D81F00FEDE69 /* ClothData.swift in Sources */,
				0C9DC4B723D05E160023392E /* LikeTableViewCell.swift in Sources */,
				0CA2348223C710DD00E2D5E7 /* ClothInformationCell.swift in Sources */,
				0CD5A48223D58007000281A8 /* EnterSizeViewController.swift in Sources */,
			);
			runOnlyForDeploymentPostprocessing = 0;
		};
/* End PBXSourcesBuildPhase section */

/* Begin PBXVariantGroup section */
		0CACA18A23C5D49A00FEDE69 /* Main.storyboard */ = {
			isa = PBXVariantGroup;
			children = (
				0CACA18B23C5D49A00FEDE69 /* Base */,
			);
			name = Main.storyboard;
			sourceTree = "<group>";
		};
		0CACA18F23C5D49E00FEDE69 /* LaunchScreen.storyboard */ = {
			isa = PBXVariantGroup;
			children = (
				0CACA19023C5D49E00FEDE69 /* Base */,
			);
			name = LaunchScreen.storyboard;
			sourceTree = "<group>";
		};
/* End PBXVariantGroup section */

/* Begin XCBuildConfiguration section */
		0CACA19323C5D49E00FEDE69 /* Debug */ = {
			isa = XCBuildConfiguration;
			buildSettings = {
				ALWAYS_SEARCH_USER_PATHS = NO;
				CLANG_ANALYZER_NONNULL = YES;
				CLANG_ANALYZER_NUMBER_OBJECT_CONVERSION = YES_AGGRESSIVE;
				CLANG_CXX_LANGUAGE_STANDARD = "gnu++14";
				CLANG_CXX_LIBRARY = "libc++";
				CLANG_ENABLE_MODULES = YES;
				CLANG_ENABLE_OBJC_ARC = YES;
				CLANG_ENABLE_OBJC_WEAK = YES;
				CLANG_WARN_BLOCK_CAPTURE_AUTORELEASING = YES;
				CLANG_WARN_BOOL_CONVERSION = YES;
				CLANG_WARN_COMMA = YES;
				CLANG_WARN_CONSTANT_CONVERSION = YES;
				CLANG_WARN_DEPRECATED_OBJC_IMPLEMENTATIONS = YES;
				CLANG_WARN_DIRECT_OBJC_ISA_USAGE = YES_ERROR;
				CLANG_WARN_DOCUMENTATION_COMMENTS = YES;
				CLANG_WARN_EMPTY_BODY = YES;
				CLANG_WARN_ENUM_CONVERSION = YES;
				CLANG_WARN_INFINITE_RECURSION = YES;
				CLANG_WARN_INT_CONVERSION = YES;
				CLANG_WARN_NON_LITERAL_NULL_CONVERSION = YES;
				CLANG_WARN_OBJC_IMPLICIT_RETAIN_SELF = YES;
				CLANG_WARN_OBJC_LITERAL_CONVERSION = YES;
				CLANG_WARN_OBJC_ROOT_CLASS = YES_ERROR;
				CLANG_WARN_RANGE_LOOP_ANALYSIS = YES;
				CLANG_WARN_STRICT_PROTOTYPES = YES;
				CLANG_WARN_SUSPICIOUS_MOVE = YES;
				CLANG_WARN_UNGUARDED_AVAILABILITY = YES_AGGRESSIVE;
				CLANG_WARN_UNREACHABLE_CODE = YES;
				CLANG_WARN__DUPLICATE_METHOD_MATCH = YES;
				COPY_PHASE_STRIP = NO;
				DEBUG_INFORMATION_FORMAT = dwarf;
				ENABLE_STRICT_OBJC_MSGSEND = YES;
				ENABLE_TESTABILITY = YES;
				GCC_C_LANGUAGE_STANDARD = gnu11;
				GCC_DYNAMIC_NO_PIC = NO;
				GCC_NO_COMMON_BLOCKS = YES;
				GCC_OPTIMIZATION_LEVEL = 0;
				GCC_PREPROCESSOR_DEFINITIONS = (
					"DEBUG=1",
					"$(inherited)",
				);
				GCC_WARN_64_TO_32_BIT_CONVERSION = YES;
				GCC_WARN_ABOUT_RETURN_TYPE = YES_ERROR;
				GCC_WARN_UNDECLARED_SELECTOR = YES;
				GCC_WARN_UNINITIALIZED_AUTOS = YES_AGGRESSIVE;
				GCC_WARN_UNUSED_FUNCTION = YES;
				GCC_WARN_UNUSED_VARIABLE = YES;
				IPHONEOS_DEPLOYMENT_TARGET = 13.2;
				MTL_ENABLE_DEBUG_INFO = INCLUDE_SOURCE;
				MTL_FAST_MATH = YES;
				ONLY_ACTIVE_ARCH = YES;
				SDKROOT = iphoneos;
				SWIFT_ACTIVE_COMPILATION_CONDITIONS = DEBUG;
				SWIFT_OPTIMIZATION_LEVEL = "-Onone";
			};
			name = Debug;
		};
		0CACA19423C5D49E00FEDE69 /* Release */ = {
			isa = XCBuildConfiguration;
			buildSettings = {
				ALWAYS_SEARCH_USER_PATHS = NO;
				CLANG_ANALYZER_NONNULL = YES;
				CLANG_ANALYZER_NUMBER_OBJECT_CONVERSION = YES_AGGRESSIVE;
				CLANG_CXX_LANGUAGE_STANDARD = "gnu++14";
				CLANG_CXX_LIBRARY = "libc++";
				CLANG_ENABLE_MODULES = YES;
				CLANG_ENABLE_OBJC_ARC = YES;
				CLANG_ENABLE_OBJC_WEAK = YES;
				CLANG_WARN_BLOCK_CAPTURE_AUTORELEASING = YES;
				CLANG_WARN_BOOL_CONVERSION = YES;
				CLANG_WARN_COMMA = YES;
				CLANG_WARN_CONSTANT_CONVERSION = YES;
				CLANG_WARN_DEPRECATED_OBJC_IMPLEMENTATIONS = YES;
				CLANG_WARN_DIRECT_OBJC_ISA_USAGE = YES_ERROR;
				CLANG_WARN_DOCUMENTATION_COMMENTS = YES;
				CLANG_WARN_EMPTY_BODY = YES;
				CLANG_WARN_ENUM_CONVERSION = YES;
				CLANG_WARN_INFINITE_RECURSION = YES;
				CLANG_WARN_INT_CONVERSION = YES;
				CLANG_WARN_NON_LITERAL_NULL_CONVERSION = YES;
				CLANG_WARN_OBJC_IMPLICIT_RETAIN_SELF = YES;
				CLANG_WARN_OBJC_LITERAL_CONVERSION = YES;
				CLANG_WARN_OBJC_ROOT_CLASS = YES_ERROR;
				CLANG_WARN_RANGE_LOOP_ANALYSIS = YES;
				CLANG_WARN_STRICT_PROTOTYPES = YES;
				CLANG_WARN_SUSPICIOUS_MOVE = YES;
				CLANG_WARN_UNGUARDED_AVAILABILITY = YES_AGGRESSIVE;
				CLANG_WARN_UNREACHABLE_CODE = YES;
				CLANG_WARN__DUPLICATE_METHOD_MATCH = YES;
				COPY_PHASE_STRIP = NO;
				DEBUG_INFORMATION_FORMAT = "dwarf-with-dsym";
				ENABLE_NS_ASSERTIONS = NO;
				ENABLE_STRICT_OBJC_MSGSEND = YES;
				GCC_C_LANGUAGE_STANDARD = gnu11;
				GCC_NO_COMMON_BLOCKS = YES;
				GCC_WARN_64_TO_32_BIT_CONVERSION = YES;
				GCC_WARN_ABOUT_RETURN_TYPE = YES_ERROR;
				GCC_WARN_UNDECLARED_SELECTOR = YES;
				GCC_WARN_UNINITIALIZED_AUTOS = YES_AGGRESSIVE;
				GCC_WARN_UNUSED_FUNCTION = YES;
				GCC_WARN_UNUSED_VARIABLE = YES;
				IPHONEOS_DEPLOYMENT_TARGET = 13.2;
				MTL_ENABLE_DEBUG_INFO = NO;
				MTL_FAST_MATH = YES;
				SDKROOT = iphoneos;
				SWIFT_COMPILATION_MODE = wholemodule;
				SWIFT_OPTIMIZATION_LEVEL = "-O";
				VALIDATE_PRODUCT = YES;
			};
			name = Release;
		};
		0CACA19623C5D49E00FEDE69 /* Debug */ = {
			isa = XCBuildConfiguration;
			buildSettings = {
				ASSETCATALOG_COMPILER_APPICON_NAME = AppIcon;
				CODE_SIGN_STYLE = Automatic;
				INFOPLIST_FILE = size/Info.plist;
				LD_RUNPATH_SEARCH_PATHS = (
					"$(inherited)",
					"@executable_path/Frameworks",
				);
				PRODUCT_BUNDLE_IDENTIFIER = com.minproject.size;
				PRODUCT_NAME = "$(TARGET_NAME)";
				SWIFT_VERSION = 5.0;
				TARGETED_DEVICE_FAMILY = "1,2";
			};
			name = Debug;
		};
		0CACA19723C5D49E00FEDE69 /* Release */ = {
			isa = XCBuildConfiguration;
			buildSettings = {
				ASSETCATALOG_COMPILER_APPICON_NAME = AppIcon;
				CODE_SIGN_STYLE = Automatic;
				INFOPLIST_FILE = size/Info.plist;
				LD_RUNPATH_SEARCH_PATHS = (
					"$(inherited)",
					"@executable_path/Frameworks",
				);
				PRODUCT_BUNDLE_IDENTIFIER = com.minproject.size;
				PRODUCT_NAME = "$(TARGET_NAME)";
				SWIFT_VERSION = 5.0;
				TARGETED_DEVICE_FAMILY = "1,2";
			};
			name = Release;
		};
/* End XCBuildConfiguration section */

/* Begin XCConfigurationList section */
		0CACA17C23C5D49A00FEDE69 /* Build configuration list for PBXProject "size" */ = {
			isa = XCConfigurationList;
			buildConfigurations = (
				0CACA19323C5D49E00FEDE69 /* Debug */,
				0CACA19423C5D49E00FEDE69 /* Release */,
			);
			defaultConfigurationIsVisible = 0;
			defaultConfigurationName = Release;
		};
		0CACA19523C5D49E00FEDE69 /* Build configuration list for PBXNativeTarget "size" */ = {
			isa = XCConfigurationList;
			buildConfigurations = (
				0CACA19623C5D49E00FEDE69 /* Debug */,
				0CACA19723C5D49E00FEDE69 /* Release */,
			);
			defaultConfigurationIsVisible = 0;
			defaultConfigurationName = Release;
		};
/* End XCConfigurationList section */
	};
	rootObject = 0CACA17923C5D49A00FEDE69 /* Project object */;
}
